
Microsoft Visual Studio Solution File, Format Version 12.00
# Visual Studio Version 17
VisualStudioVersion = 17.11.35312.102
MinimumVisualStudioVersion = 10.0.40219.1
Project("{FAE04EC0-301F-11D3-BF4B-00C04F79EFBC}") = "Week5LogicalOperators", "Week5LogicalOperators\Week5LogicalOperators.csproj", "{EA17661B-96BB-4A4F-9095-879D42CAA5CE}"
EndProject
Project("{FAE04EC0-301F-11D3-BF4B-00C04F79EFBC}") = "ANDOperator", "ANDOperator\ANDOperator.csproj", "{45321D7A-BB5F-43A0-B17D-AD7397B93EE6}"
EndProject
Project("{FAE04EC0-301F-11D3-BF4B-00C04F79EFBC}") = "OROperrator", "OROperrator\OROperrator.csproj", "{1F76FB5B-FFA9-47BE-91FA-175A7717030A}"
EndProject
Project("{FAE04EC0-301F-11D3-BF4B-00C04F79EFBC}") = "ANDRanges", "ANDRanges\ANDRanges.csproj", "{AA9B827A-8E7C-4128-915F-7E04A91C81CC}"
EndProject
Global
	GlobalSection(SolutionConfigurationPlatforms) = preSolution
		Debug|Any CPU = Debug|Any CPU
		Release|Any CPU = Release|Any CPU
	EndGlobalSection
	GlobalSection(ProjectConfigurationPlatforms) = postSolution
		{EA17661B-96BB-4A4F-9095-879D42CAA5CE}.Debug|Any CPU.ActiveCfg = Debug|Any CPU
		{EA17661B-96BB-4A4F-9095-879D42CAA5CE}.Debug|Any CPU.Build.0 = Debug|Any CPU
		{EA17661B-96BB-4A4F-9095-879D42CAA5CE}.Release|Any CPU.ActiveCfg = Release|Any CPU
		{EA17661B-96BB-4A4F-9095-879D42CAA5CE}.Release|Any CPU.Build.0 = Release|Any CPU
		{45321D7A-BB5F-43A0-B17D-AD7397B93EE6}.Debug|Any CPU.ActiveCfg = Debug|Any CPU
		{45321D7A-BB5F-43A0-B17D-AD7397B93EE6}.Debug|Any CPU.Build.0 = Debug|Any CPU
		{45321D7A-BB5F-43A0-B17D-AD7397B93EE6}.Release|Any CPU.ActiveCfg = Release|Any CPU
		{45321D7A-BB5F-43A0-B17D-AD7397B93EE6}.Release|Any CPU.Build.0 = Release|Any CPU
		{1F76FB5B-FFA9-47BE-91FA-175A7717030A}.Debug|Any CPU.ActiveCfg = Debug|Any CPU
		{1F76FB5B-FFA9-47BE-91FA-175A7717030A}.Debug|Any CPU.Build.0 = Debug|Any CPU
		{1F76FB5B-FFA9-47BE-91FA-175A7717030A}.Release|Any CPU.ActiveCfg = Release|Any CPU
		{1F76FB5B-FFA9-47BE-91FA-175A7717030A}.Release|Any CPU.Build.0 = Release|Any CPU
		{AA9B827A-8E7C-4128-915F-7E04A91C81CC}.Debug|Any CPU.ActiveCfg = Debug|Any CPU
		{AA9B827A-8E7C-4128-915F-7E04A91C81CC}.Debug|Any CPU.Build.0 = Debug|Any CPU
		{AA9B827A-8E7C-4128-915F-7E04A91C81CC}.Release|Any CPU.ActiveCfg = Release|Any CPU
		{AA9B827A-8E7C-4128-915F-7E04A91C81CC}.Release|Any CPU.Build.0 = Release|Any CPU
	EndGlobalSection
	GlobalSection(SolutionProperties) = preSolution
		HideSolutionNode = FALSE
	EndGlobalSection
	GlobalSection(ExtensibilityGlobals) = postSolution
		SolutionGuid = {CF531152-7CDA-42CB-BB97-48C5682FE5F9}
	EndGlobalSection
EndGlobal
